
Microsoft Visual Studio Solution File, Format Version 12.00
# Visual Studio Version 16
VisualStudioVersion = 16.0.31019.35
MinimumVisualStudioVersion = 10.0.40219.1
Project("{FAE04EC0-301F-11D3-BF4B-00C04F79EFBC}") = "WcfService1", "WcfService1\WcfService1.csproj", "{16C10791-13E0-45AC-B877-60DCD7FF26D5}"
EndProject
Project("{FAE04EC0-301F-11D3-BF4B-00C04F79EFBC}") = "WindowsFormsApp1", "WindowsFormsApp1\WindowsFormsApp1.csproj", "{635E6F61-C97D-4EF2-80E9-61753C7C5EBA}"
EndProject
Project("{FAE04EC0-301F-11D3-BF4B-00C04F79EFBC}") = "WcfService2", "WcfService2\WcfService2.csproj", "{D242BEAB-B74B-41A4-AC6E-F8C378E18FE6}"
EndProject
Project("{E53339B2-1760-4266-BCC7-CA923CBCF16C}") = "docker-compose", "docker-compose.dcproj", "{2B743737-BA29-407F-BCAE-BC8198CD0FE4}"
EndProject
Project("{2150E333-8FDC-42A3-9474-1A3956D46DE8}") = "k8s", "k8s", "{0DCE9719-CA7C-424F-A772-6D97F339C6EB}"
	ProjectSection(SolutionItems) = preProject
		k8s\WcfService1_deploy.yml = k8s\WcfService1_deploy.yml
		k8s\WcfService2_deploy.yml = k8s\WcfService2_deploy.yml
	EndProjectSection
EndProject
Global
	GlobalSection(SolutionConfigurationPlatforms) = preSolution
		Debug|Any CPU = Debug|Any CPU
		Release|Any CPU = Release|Any CPU
	EndGlobalSection
	GlobalSection(ProjectConfigurationPlatforms) = postSolution
		{16C10791-13E0-45AC-B877-60DCD7FF26D5}.Debug|Any CPU.ActiveCfg = Debug|Any CPU
		{16C10791-13E0-45AC-B877-60DCD7FF26D5}.Debug|Any CPU.Build.0 = Debug|Any CPU
		{16C10791-13E0-45AC-B877-60DCD7FF26D5}.Release|Any CPU.ActiveCfg = Release|Any CPU
		{16C10791-13E0-45AC-B877-60DCD7FF26D5}.Release|Any CPU.Build.0 = Release|Any CPU
		{635E6F61-C97D-4EF2-80E9-61753C7C5EBA}.Debug|Any CPU.ActiveCfg = Debug|Any CPU
		{635E6F61-C97D-4EF2-80E9-61753C7C5EBA}.Debug|Any CPU.Build.0 = Debug|Any CPU
		{635E6F61-C97D-4EF2-80E9-61753C7C5EBA}.Release|Any CPU.ActiveCfg = Release|Any CPU
		{635E6F61-C97D-4EF2-80E9-61753C7C5EBA}.Release|Any CPU.Build.0 = Release|Any CPU
		{D242BEAB-B74B-41A4-AC6E-F8C378E18FE6}.Debug|Any CPU.ActiveCfg = Debug|Any CPU
		{D242BEAB-B74B-41A4-AC6E-F8C378E18FE6}.Debug|Any CPU.Build.0 = Debug|Any CPU
		{D242BEAB-B74B-41A4-AC6E-F8C378E18FE6}.Release|Any CPU.ActiveCfg = Release|Any CPU
		{D242BEAB-B74B-41A4-AC6E-F8C378E18FE6}.Release|Any CPU.Build.0 = Release|Any CPU
		{2B743737-BA29-407F-BCAE-BC8198CD0FE4}.Debug|Any CPU.ActiveCfg = Debug|Any CPU
		{2B743737-BA29-407F-BCAE-BC8198CD0FE4}.Debug|Any CPU.Build.0 = Debug|Any CPU
		{2B743737-BA29-407F-BCAE-BC8198CD0FE4}.Release|Any CPU.ActiveCfg = Release|Any CPU
		{2B743737-BA29-407F-BCAE-BC8198CD0FE4}.Release|Any CPU.Build.0 = Release|Any CPU
	EndGlobalSection
	GlobalSection(SolutionProperties) = preSolution
		HideSolutionNode = FALSE
	EndGlobalSection
	GlobalSection(ExtensibilityGlobals) = postSolution
		SolutionGuid = {C7451562-2D7E-4B5E-A74C-FE3E50DE9BEF}
	EndGlobalSection
EndGlobal
